
Microsoft Visual Studio Solution File, Format Version 12.00
# Visual Studio Version 17
VisualStudioVersion = 17.3.32929.385
MinimumVisualStudioVersion = 10.0.40219.1
Project("{FAE04EC0-301F-11D3-BF4B-00C04F79EFBC}") = "CS322-DZ10-Jovan-Spasic-4026", "CS322-DZ10-Jovan-Spasic-4026\CS322-DZ10-Jovan-Spasic-4026.csproj", "{2795AE75-50E1-46A1-BCC9-9DA49F547F22}"
EndProject
Global
	GlobalSection(SolutionConfigurationPlatforms) = preSolution
		Debug|Any CPU = Debug|Any CPU
		Release|Any CPU = Release|Any CPU
	EndGlobalSection
	GlobalSection(ProjectConfigurationPlatforms) = postSolution
		{2795AE75-50E1-46A1-BCC9-9DA49F547F22}.Debug|Any CPU.ActiveCfg = Debug|Any CPU
		{2795AE75-50E1-46A1-BCC9-9DA49F547F22}.Debug|Any CPU.Build.0 = Debug|Any CPU
		{2795AE75-50E1-46A1-BCC9-9DA49F547F22}.Release|Any CPU.ActiveCfg = Release|Any CPU
		{2795AE75-50E1-46A1-BCC9-9DA49F547F22}.Release|Any CPU.Build.0 = Release|Any CPU
	EndGlobalSection
	GlobalSection(SolutionProperties) = preSolution
		HideSolutionNode = FALSE
	EndGlobalSection
	GlobalSection(ExtensibilityGlobals) = postSolution
		SolutionGuid = {89699A92-F533-4F40-B16D-37512B4AAEAE}
	EndGlobalSection
EndGlobal
